lockfileVersion: '6.0'

settings:
  autoInstallPeers: true
  excludeLinksFromLockfile: false

dependencies:
  '@digitalbazaar/ed25519-verification-key-2018':
    specifier: ^4.0.0
    version: 4.0.0
  '@tanglelabs/ssimon':
    specifier: ^0.6.1
    version: 0.6.1
  base58-universal:
    specifier: ^2.0.0
    version: 2.0.0
  did-jwt:
    specifier: ^7.2.6
    version: 7.4.7
  did-jwt-vc:
    specifier: ^3.2.6
    version: 3.2.15
  did-resolver:
    specifier: ^4.1.0
    version: 4.1.0
  fix-esm-import-path:
    specifier: ^1.5.0
    version: 1.5.0
  jsonschema:
    specifier: ^1.4.1
    version: 1.4.1
  tweetnacl:
    specifier: ^1.0.3
    version: 1.0.3
  tweetnacl-util:
    specifier: ^0.15.1
    version: 0.15.1
  web-did-resolver:
    specifier: ^2.0.27
    version: 2.0.27

devDependencies:
  '@types/node':
    specifier: ^20.5.7
    version: 20.11.24
  ts-node:
    specifier: ^10.9.1
    version: 10.9.2(@types/node@20.11.24)(typescript@5.3.3)
  typescript:
    specifier: ^5.2.2
    version: 5.3.3

packages:

  /@cspotcode/source-map-support@0.8.1:
    resolution: {integrity: sha512-IchNf6dN4tHoMFIn/7OE8LWZ19Y6q/67Bmf6vnGREv8RSbBVb9LPJxEcnwrcwX6ixSvaiGoomAUvu4YSxXrVgw==}
    engines: {node: '>=12'}
    dependencies:
      '@jridgewell/trace-mapping': 0.3.9
    dev: true

  /@digitalbazaar/ed25519-verification-key-2018@4.0.0:
    resolution: {integrity: sha512-65O08XDDJYZVeQJ86fd7ClZLzMwQsJ0zQpLhvzjE9LRGrD0BPwWFrC/vNW3XTYzzvNwbP7ipFomF95JgGLzabQ==}
    engines: {node: '>=14'}
    dependencies:
      '@noble/ed25519': 1.7.3
      base58-universal: 2.0.0
      crypto-ld: 7.0.0
    dev: false

  /@jridgewell/resolve-uri@3.1.2:
    resolution: {integrity: sha512-bRISgCIjP20/tbWSPWMEi54QVPRZExkuD9lJL+UIxUKtwVJA8wW1Trb1jMs1RFXo1CBTNZ/5hpC9QvmKWdopKw==}
    engines: {node: '>=6.0.0'}
    dev: true

  /@jridgewell/sourcemap-codec@1.4.15:
    resolution: {integrity: sha512-eF2rxCRulEKXHTRiDrDy6erMYWqNw4LPdQ8UQA4huuxaQsVeRPFl2oM8oDGxMFhJUWZf9McpLtJasDDZb/Bpeg==}
    dev: true

  /@jridgewell/trace-mapping@0.3.9:
    resolution: {integrity: sha512-3Belt6tdc8bPgAtbcmdtNJlirVoTmEb5e2gC94PnkwEW9jI6CAHUeoG85tjWP5WquqfavoMtMwiG4P926ZKKuQ==}
    dependencies:
      '@jridgewell/resolve-uri': 3.1.2
      '@jridgewell/sourcemap-codec': 1.4.15
    dev: true

  /@multiformats/base-x@4.0.1:
    resolution: {integrity: sha512-eMk0b9ReBbV23xXU693TAIrLyeO5iTgBZGSJfpqriG8UkYvr/hC9u9pyMlAakDNHWmbhMZCDs6KQO0jzKD8OTw==}
    dev: false

  /@noble/ciphers@0.4.1:
    resolution: {integrity: sha512-QCOA9cgf3Rc33owG0AYBB9wszz+Ul2kramWN8tXG44Gyciud/tbkEqvxRF/IpqQaBpRBNi9f4jdNxqB2CQCIXg==}
    dev: false

  /@noble/curves@1.3.0:
    resolution: {integrity: sha512-t01iSXPuN+Eqzb4eBX0S5oubSqXbK/xXa1Ne18Hj8f9pStxztHCE2gfboSp/dZRLSqfuLpRK2nDXDK+W9puocA==}
    dependencies:
      '@noble/hashes': 1.3.3
    dev: false

  /@noble/ed25519@1.7.3:
    resolution: {integrity: sha512-iR8GBkDt0Q3GyaVcIu7mSsVIqnFbkbRzGLWlvhwunacoLwt4J3swfKhfaM6rN6WY+TBGoYT1GtT1mIh2/jGbRQ==}
    dev: false

  /@noble/hashes@1.3.3:
    resolution: {integrity: sha512-V7/fPHgl+jsVPXqqeOzT8egNj2iBIVt+ECeMMG8TdcnTikP3oaBtUVqpT/gYCR68aEBJSF+XbYUxStjbFMqIIA==}
    engines: {node: '>= 16'}
    dev: false

  /@scure/base@1.1.5:
    resolution: {integrity: sha512-Brj9FiG2W1MRQSTB212YVPRrcbjkv48FoZi/u4l/zds/ieRrqsh7aUf6CLwkAq61oKXr/ZlTzlY66gLIj3TFTQ==}
    dev: false

  /@tanglelabs/ssimon@0.6.1:
    resolution: {integrity: sha512-iiGYJZHUeg/1SGnjG4Bp3GYbB1CK/KbJiClTc78Puz0q6vYmbFfF5VwtAd19CcpunZgLVGvKMOxx12gnOZlm/w==}
    dependencies:
      crypto-js: 4.2.0
    dev: false

  /@tsconfig/node10@1.0.9:
    resolution: {integrity: sha512-jNsYVVxU8v5g43Erja32laIDHXeoNvFEpX33OK4d6hljo3jDhCBDhx5dhCCTMWUojscpAagGiRkBKxpdl9fxqA==}
    dev: true

  /@tsconfig/node12@1.0.11:
    resolution: {integrity: sha512-cqefuRsh12pWyGsIoBKJA9luFu3mRxCA+ORZvA4ktLSzIuCUtWVxGIuXigEwO5/ywWFMZ2QEGKWvkZG1zDMTag==}
    dev: true

  /@tsconfig/node14@1.0.3:
    resolution: {integrity: sha512-ysT8mhdixWK6Hw3i1V2AeRqZ5WfXg1G43mqoYlM2nc6388Fq5jcXyr5mRsqViLx/GJYdoL0bfXD8nmF+Zn/Iow==}
    dev: true

  /@tsconfig/node16@1.0.4:
    resolution: {integrity: sha512-vxhUy4J8lyeyinH7Azl1pdd43GJhZH/tP2weN8TntQblOY+A0XbT8DJk1/oCPuOOyg/Ja757rG0CgHcWC8OfMA==}
    dev: true

  /@types/node@20.11.24:
    resolution: {integrity: sha512-Kza43ewS3xoLgCEpQrsT+xRo/EJej1y0kVYGiLFE1NEODXGzTfwiC6tXTLMQskn1X4/Rjlh0MQUvx9W+L9long==}
    dependencies:
      undici-types: 5.26.5
    dev: true

  /acorn-walk@8.3.2:
    resolution: {integrity: sha512-cjkyv4OtNCIeqhHrfS81QWXoCBPExR/J62oyEqepVw8WaQeSqpW2uhuLPh1m9eWhDuOo/jUXVTlifvesOWp/4A==}
    engines: {node: '>=0.4.0'}
    dev: true

  /acorn@8.11.3:
    resolution: {integrity: sha512-Y9rRfJG5jcKOE0CLisYbojUjIrIEE7AGMzA/Sm4BslANhbS+cDMpgBdcPT91oJ7OuJ9hYJBx59RjbhxVnrF8Xg==}
    engines: {node: '>=0.4.0'}
    hasBin: true
    dev: true

  /arg@4.1.3:
    resolution: {integrity: sha512-58S9QDqG0Xx27YwPSt9fJxivjYl432YCwfDMfZ+71RAqUrZef7LrKQZ3LHLOwCS4FLNBplP533Zx895SeOCHvA==}
    dev: true

  /base58-universal@2.0.0:
    resolution: {integrity: sha512-BgkgF8zVLOAygszG4W8NkLm7iXrw80VYAOcedrzANrIhS14+4W6zVqjyGTFUBM/FpqkHUt8aAYd4DbBBfn3zKg==}
    engines: {node: '>=14'}
    dev: false

  /canonicalize@2.0.0:
    resolution: {integrity: sha512-ulDEYPv7asdKvqahuAY35c1selLdzDwHqugK92hfkzvlDCwXRRelDkR+Er33md/PtnpqHemgkuDPanZ4fiYZ8w==}
    dev: false

  /create-require@1.1.1:
    resolution: {integrity: sha512-dcKFX3jn0MpIaXjisoRvexIJVEKzaq7z2rZKxf+MSr9TkdmHmsU4m2lcLojrj/FHl8mk5VxMmYA+ftRkP/3oKQ==}
    dev: true

  /cross-fetch@4.0.0:
    resolution: {integrity: sha512-e4a5N8lVvuLgAWgnCrLr2PP0YyDOTHa9H/Rj54dirp61qXnNq46m82bRhNqIA5VccJtWBvPTFRV3TtvHUKPB1g==}
    dependencies:
      node-fetch: 2.7.0
    transitivePeerDependencies:
      - encoding
    dev: false

  /crypto-js@4.2.0:
    resolution: {integrity: sha512-KALDyEYgpY+Rlob/iriUtjV6d5Eq+Y191A5g4UqLAi8CyGP9N1+FdVbkc1SxKc2r4YAYqG8JzO2KGL+AizD70Q==}
    dev: false

  /crypto-ld@7.0.0:
    resolution: {integrity: sha512-RrXy6aB0TOhSiqsgavTQt1G8mKomKIaNLb2JZxj7A/Vi0EwmXguuBQoeiAvePfK6bDR3uQbqYnaLLs4irTWwgw==}
    engines: {node: '>=14'}
    dev: false

  /debug@4.3.4:
    resolution: {integrity: sha512-PRWFHuSU3eDtQJPvnNY7Jcket1j0t5OuOsFzPPzsekD52Zl8qUfFIPEiswXqIvHWGVHOgX+7G/vCNNhehwxfkQ==}
    engines: {node: '>=6.0'}
    peerDependencies:
      supports-color: '*'
    peerDependenciesMeta:
      supports-color:
        optional: true
    dependencies:
      ms: 2.1.2
    dev: false

  /did-jwt-vc@3.2.15:
    resolution: {integrity: sha512-M/WPiL34CQUiN4bvWnZ0OFHJ3usPtstfQfbNbHAWHvwjeCGi7nAdv62VXHgy2xIhJMc790hH7PsMN3i6SCGEyg==}
    engines: {node: '>=18'}
    dependencies:
      did-jwt: 7.4.7
      did-resolver: 4.1.0
    dev: false

  /did-jwt@7.4.7:
    resolution: {integrity: sha512-Apz7nIfIHSKWIMaEP5L/K8xkwByvjezjTG0xiqwKdnNj1x8M0+Yasury5Dm/KPltxi2PlGfRPf3IejRKZrT8mQ==}
    dependencies:
      '@noble/ciphers': 0.4.1
      '@noble/curves': 1.3.0
      '@noble/hashes': 1.3.3
      '@scure/base': 1.1.5
      canonicalize: 2.0.0
      did-resolver: 4.1.0
      multibase: 4.0.6
      multiformats: 9.9.0
      uint8arrays: 3.1.1
    dev: false

  /did-resolver@4.1.0:
    resolution: {integrity: sha512-S6fWHvCXkZg2IhS4RcVHxwuyVejPR7c+a4Go0xbQ9ps5kILa8viiYQgrM4gfTyeTjJ0ekgJH9gk/BawTpmkbZA==}
    dev: false

  /diff@4.0.2:
    resolution: {integrity: sha512-58lmxKSA4BNyLz+HHMUzlOEpg09FV+ev6ZMe3vJihgdxzgcwZ8VoEEPmALCZG9LmqfVoNMMKpttIYTVG6uDY7A==}
    engines: {node: '>=0.3.1'}
    dev: true

  /fix-esm-import-path@1.5.0:
    resolution: {integrity: sha512-GZRlEDW2rRfz1bQrEMrGhkEfnkfgH1ryBYV2WJGDFhj7KH3C7iwUWuja3Q+tO4ungBmufLHPPGI3VINCqgQDdw==}
    hasBin: true
    dependencies:
      debug: 4.3.4
    transitivePeerDependencies:
      - supports-color
    dev: false

  /jsonschema@1.4.1:
    resolution: {integrity: sha512-S6cATIPVv1z0IlxdN+zUk5EPjkGCdnhN4wVSBlvoUO1tOLJootbo9CquNJmbIh4yikWHiUedhRYrNPn1arpEmQ==}
    dev: false

  /make-error@1.3.6:
    resolution: {integrity: sha512-s8UhlNe7vPKomQhC1qFelMokr/Sc3AgNbso3n74mVPA5LTZwkB9NlXf4XPamLxJE8h0gh73rM94xvwRT2CVInw==}
    dev: true

  /ms@2.1.2:
    resolution: {integrity: sha512-sGkPx+VjMtmA6MX27oA4FBFELFCZZ4S4XqeGOXCv68tT+jb3vk/RyaKWP0PTKyWtmLSM0b+adUTEvbs1PEaH2w==}
    dev: false

  /multibase@4.0.6:
    resolution: {integrity: sha512-x23pDe5+svdLz/k5JPGCVdfn7Q5mZVMBETiC+ORfO+sor9Sgs0smJzAjfTbM5tckeCqnaUuMYoz+k3RXMmJClQ==}
    engines: {node: '>=12.0.0', npm: '>=6.0.0'}
    deprecated: This module has been superseded by the multiformats module
    dependencies:
      '@multiformats/base-x': 4.0.1
    dev: false

  /multiformats@9.9.0:
    resolution: {integrity: sha512-HoMUjhH9T8DDBNT+6xzkrd9ga/XiBI4xLr58LJACwK6G3HTOPeMz4nB4KJs33L2BelrIJa7P0VuNaVF3hMYfjg==}
    dev: false

  /node-fetch@2.7.0:
    resolution: {integrity: sha512-c4FRfUm/dbcWZ7U+1Wq0AwCyFL+3nt2bEw05wfxSz+DWpWsitgmSgYmy2dQdWyKC1694ELPqMs/YzUSNozLt8A==}
    engines: {node: 4.x || >=6.0.0}
    peerDependencies:
      encoding: ^0.1.0
    peerDependenciesMeta:
      encoding:
        optional: true
    dependencies:
      whatwg-url: 5.0.0
    dev: false

  /tr46@0.0.3:
    resolution: {integrity: sha512-N3WMsuqV66lT30CrXNbEjx4GEwlow3v6rr4mCcv6prnfwhS01rkgyFdjPNBYd9br7LpXV1+Emh01fHnq2Gdgrw==}
    dev: false

  /ts-node@10.9.2(@types/node@20.11.24)(typescript@5.3.3):
    resolution: {integrity: sha512-f0FFpIdcHgn8zcPSbf1dRevwt047YMnaiJM3u2w2RewrB+fob/zePZcrOyQoLMMO7aBIddLcQIEK5dYjkLnGrQ==}
    hasBin: true
    peerDependencies:
      '@swc/core': '>=1.2.50'
      '@swc/wasm': '>=1.2.50'
      '@types/node': '*'
      typescript: '>=2.7'
    peerDependenciesMeta:
      '@swc/core':
        optional: true
      '@swc/wasm':
        optional: true
    dependencies:
      '@cspotcode/source-map-support': 0.8.1
      '@tsconfig/node10': 1.0.9
      '@tsconfig/node12': 1.0.11
      '@tsconfig/node14': 1.0.3
      '@tsconfig/node16': 1.0.4
      '@types/node': 20.11.24
      acorn: 8.11.3
      acorn-walk: 8.3.2
      arg: 4.1.3
      create-require: 1.1.1
      diff: 4.0.2
      make-error: 1.3.6
      typescript: 5.3.3
      v8-compile-cache-lib: 3.0.1
      yn: 3.1.1
    dev: true

  /tweetnacl-util@0.15.1:
    resolution: {integrity: sha512-RKJBIj8lySrShN4w6i/BonWp2Z/uxwC3h4y7xsRrpP59ZboCd0GpEVsOnMDYLMmKBpYhb5TgHzZXy7wTfYFBRw==}
    dev: false

  /tweetnacl@1.0.3:
    resolution: {integrity: sha512-6rt+RN7aOi1nGMyC4Xa5DdYiukl2UWCbcJft7YhxReBGQD7OAM8Pbxw6YMo4r2diNEA8FEmu32YOn9rhaiE5yw==}
    dev: false

  /typescript@5.3.3:
    resolution: {integrity: sha512-pXWcraxM0uxAS+tN0AG/BF2TyqmHO014Z070UsJ+pFvYuRSq8KH8DmWpnbXe0pEPDHXZV3FcAbJkijJ5oNEnWw==}
    engines: {node: '>=14.17'}
    hasBin: true
    dev: true

  /uint8arrays@3.1.1:
    resolution: {integrity: sha512-+QJa8QRnbdXVpHYjLoTpJIdCTiw9Ir62nocClWuXIq2JIh4Uta0cQsTSpFL678p2CN8B+XSApwcU+pQEqVpKWg==}
    dependencies:
      multiformats: 9.9.0
    dev: false

  /undici-types@5.26.5:
    resolution: {integrity: sha512-JlCMO+ehdEIKqlFxk6IfVoAUVmgz7cU7zD/h9XZ0qzeosSHmUJVOzSQvvYSYWXkFXC+IfLKSIffhv0sVZup6pA==}
    dev: true

  /v8-compile-cache-lib@3.0.1:
    resolution: {integrity: sha512-wa7YjyUGfNZngI/vtK0UHAN+lgDCxBPCylVXGp0zu59Fz5aiGtNXaq3DhIov063MorB+VfufLh3JlF2KdTK3xg==}
    dev: true

  /web-did-resolver@2.0.27:
    resolution: {integrity: sha512-YxQlNdeYBXLhVpMW62+TPlc6sSOiWyBYq7DNvY6FXmXOD9g0zLeShpq2uCKFFQV/WlSrBi/yebK/W5lMTDxMUQ==}
    dependencies:
      cross-fetch: 4.0.0
      did-resolver: 4.1.0
    transitivePeerDependencies:
      - encoding
    dev: false

  /webidl-conversions@3.0.1:
    resolution: {integrity: sha512-2JAn3z8AR6rjK8Sm8orRC0h/bcl/DqL7tRPdGZ4I1CjdF+EaMLmYxBHyXuKL849eucPFhvBoxMsflfOb8kxaeQ==}
    dev: false

  /whatwg-url@5.0.0:
    resolution: {integrity: sha512-saE57nupxk6v3HY35+jzBwYa0rKSy0XR8JSxZPwgLr7ys0IBzhGviA1/TUGJLmSVqs8pb9AnvICXEuOHLprYTw==}
    dependencies:
      tr46: 0.0.3
      webidl-conversions: 3.0.1
    dev: false

  /yn@3.1.1:
    resolution: {integrity: sha512-Ux4ygGWsu2c7isFWe8Yu1YluJmqVhxqK2cLXNQA5AcC3QfbGNpM7fu0Y8b/z16pXLnFxZYvWhd3fhBY9DLmC6Q==}
    engines: {node: '>=6'}
    dev: true
